// !$*UTF8*$!
{
	archiveVersion = 1;
	classes = {
	};
	objectVersion = 48;
	objects = {

/* Begin PBXBuildFile section */
		4FA4EB3B207E5DF300FC2432 /* AppDelegate.swift in Sources */ = {isa = PBXBuildFile; fileRef = 4FA4EB3A207E5DF300FC2432 /* AppDelegate.swift */; };
		4FA4EB3D207E5DF300FC2432 /* ViewController.swift in Sources */ = {isa = PBXBuildFile; fileRef = 4FA4EB3C207E5DF300FC2432 /* ViewController.swift */; };
		4FA4EB40207E5DF300FC2432 /* Main.storyboard in Resources */ = {isa = PBXBuildFile; fileRef = 4FA4EB3E207E5DF300FC2432 /* Main.storyboard */; };
		4FA4EB42207E5DF300FC2432 /* Assets.xcassets in Resources */ = {isa = PBXBuildFile; fileRef = 4FA4EB41207E5DF300FC2432 /* Assets.xcassets */; };
		4FA4EB45207E5DF300FC2432 /* LaunchScreen.storyboard in Resources */ = {isa = PBXBuildFile; fileRef = 4FA4EB43207E5DF300FC2432 /* LaunchScreen.storyboard */; };
/* End PBXBuildFile section */

/* Begin PBXFileReference section */
		4FA4EB37207E5DF300FC2432 /* The Night Porter.app */ = {isa = PBXFileReference; explicitFileType = wrapper.application; includeInIndex = 0; path = "The Night Porter.app"; sourceTree = BUILT_PRODUCTS_DIR; };
		4FA4EB3A207E5DF300FC2432 /* AppDelegate.swift */ = {isa = PBXFileReference; lastKnownFileType = sourcecode.swift; path = AppDelegate.swift; sourceTree = "<group>"; };
		4FA4EB3C207E5DF300FC2432 /* ViewController.swift */ = {isa = PBXFileReference; lastKnownFileType = sourcecode.swift; path = ViewController.swift; sourceTree = "<group>"; };
		4FA4EB3F207E5DF300FC2432 /* Base */ = {isa = PBXFileReference; lastKnownFileType = file.storyboard; name = Base; path = Base.lproj/Main.storyboard; sourceTree = "<group>"; };
		4FA4EB41207E5DF300FC2432 /* Assets.xcassets */ = {isa = PBXFileReference; lastKnownFileType = folder.assetcatalog; path = Assets.xcassets; sourceTree = "<group>"; };
		4FA4EB44207E5DF300FC2432 /* Base */ = {isa = PBXFileReference; lastKnownFileType = file.storyboard; name = Base; path = Base.lproj/LaunchScreen.storyboard; sourceTree = "<group>"; };
		4FA4EB46207E5DF300FC2432 /* Info.plist */ = {isa = PBXFileReference; lastKnownFileType = text.plist.xml; path = Info.plist; sourceTree = "<group>"; };
/* End PBXFileReference section */

/* Begin PBXFrameworksBuildPhase section */
		4FA4EB34207E5DF300FC2432 /* Frameworks */ = {
			isa = PBXFrameworksBuildPhase;
			buildActionMask = 2147483647;
			files = (
			);
			runOnlyForDeploymentPostprocessing = 0;
		};
/* End PBXFrameworksBuildPhase section */

/* Begin PBXGroup section */
		4FA4EB2E207E5DF300FC2432 = {
			isa = PBXGroup;
			children = (
				4FA4EB39207E5DF300FC2432 /* The Night Porter */,
				4FA4EB38207E5DF300FC2432 /* Products */,
			);
			sourceTree = "<group>";
		};
		4FA4EB38207E5DF300FC2432 /* Products */ = {
			isa = PBXGroup;
			children = (
				4FA4EB37207E5DF300FC2432 /* The Night Porter.app */,
			);
			name = Products;
			sourceTree = "<group>";
		};
		4FA4EB39207E5DF300FC2432 /* The Night Porter */ = {
			isa = PBXGroup;
			children = (
				4FA4EB3A207E5DF300FC2432 /* AppDelegate.swift */,
				4FA4EB3C207E5DF300FC2432 /* ViewController.swift */,
				4FA4EB3E207E5DF300FC2432 /* Main.storyboard */,
				4FA4EB41207E5DF300FC2432 /* Assets.xcassets */,
				4FA4EB43207E5DF300FC2432 /* LaunchScreen.storyboard */,
				4FA4EB46207E5DF300FC2432 /* Info.plist */,
			);
			path = "The Night Porter";
			sourceTree = "<group>";
		};
/* End PBXGroup section */

/* Begin PBXNativeTarget section */
		4FA4EB36207E5DF300FC2432 /* The Night Porter */ = {
			isa = PBXNativeTarget;
			buildConfigurationList = 4FA4EB49207E5DF300FC2432 /* Build configuration list for PBXNativeTarget "The Night Porter" */;
			buildPhases = (
				4FA4EB33207E5DF300FC2432 /* Sources */,
				4FA4EB34207E5DF300FC2432 /* Frameworks */,
				4FA4EB35207E5DF300FC2432 /* Resources */,
			);
			buildRules = (
			);
			dependencies = (
			);
			name = "The Night Porter";
			productName = "The Night Porter";
			productReference = 4FA4EB37207E5DF300FC2432 /* The Night Porter.app */;
			productType = "com.apple.product-type.application";
		};
/* End PBXNativeTarget section */

/* Begin PBXProject section */
		4FA4EB2F207E5DF300FC2432 /* Project object */ = {
			isa = PBXProject;
			attributes = {
				LastSwiftUpdateCheck = 0920;
				LastUpgradeCheck = 0920;
				ORGANIZATIONNAME = "Pringgle Media";
				TargetAttributes = {
					4FA4EB36207E5DF300FC2432 = {
						CreatedOnToolsVersion = 9.2;
						ProvisioningStyle = Automatic;
					};
				};
			};
			buildConfigurationList = 4FA4EB32207E5DF300FC2432 /* Build configuration list for PBXProject "The Night Porter" */;
			compatibilityVersion = "Xcode 8.0";
			developmentRegion = en;
			hasScannedForEncodings = 0;
			knownRegions = (
				en,
				Base,
			);
			mainGroup = 4FA4EB2E207E5DF300FC2432;
			productRefGroup = 4FA4EB38207E5DF300FC2432 /* Products */;
			projectDirPath = "";
			projectRoot = "";
			targets = (
				4FA4EB36207E5DF300FC2432 /* The Night Porter */,
			);
		};
/* End PBXProject section */

/* Begin PBXResourcesBuildPhase section */
		4FA4EB35207E5DF300FC2432 /* Resources */ = {
			isa = PBXResourcesBuildPhase;
			buildActionMask = 2147483647;
			files = (
				4FA4EB45207E5DF300FC2432 /* LaunchScreen.storyboard in Resources */,
				4FA4EB42207E5DF300FC2432 /* Assets.xcassets in Resources */,
				4FA4EB40207E5DF300FC2432 /* Main.storyboard in Resources */,
			);
			runOnlyForDeploymentPostprocessing = 0;
		};
/* End PBXResourcesBuildPhase section */

/* Begin PBXSourcesBuildPhase section */
		4FA4EB33207E5DF300FC2432 /* Sources */ = {
			isa = PBXSourcesBuildPhase;
			buildActionMask = 2147483647;
			files = (
				4FA4EB3D207E5DF300FC2432 /* ViewController.swift in Sources */,
				4FA4EB3B207E5DF300FC2432 /* AppDelegate.swift in Sources */,
			);
			runOnlyForDeploymentPostprocessing = 0;
		};
/* End PBXSourcesBuildPhase section */

/* Begin PBXVariantGroup section */
		4FA4EB3E207E5DF300FC2432 /* Main.storyboard */ = {
			isa = PBXVariantGroup;
			children = (
				4FA4EB3F207E5DF300FC2432 /* Base */,
			);
			name = Main.storyboard;
			sourceTree = "<group>";
		};
		4FA4EB43207E5DF300FC2432 /* LaunchScreen.storyboard */ = {
			isa = PBXVariantGroup;
			children = (
				4FA4EB44207E5DF300FC2432 /* Base */,
			);
			name = LaunchScreen.storyboard;
			sourceTree = "<group>";
		};
/* End PBXVariantGroup section */

/* Begin XCBuildConfiguration section */
		4FA4EB47207E5DF300FC2432 /* Debug */ = {
			isa = XCBuildConfiguration;
			buildSettings = {
				ALWAYS_SEARCH_USER_PATHS = NO;
				CLANG_ANALYZER_NONNULL = YES;
				CLANG_ANALYZER_NUMBER_OBJECT_CONVERSION = YES_AGGRESSIVE;
				CLANG_CXX_LANGUAGE_STANDARD = "gnu++14";
				CLANG_CXX_LIBRARY = "libc++";
				CLANG_ENABLE_MODULES = YES;
				CLANG_ENABLE_OBJC_ARC = YES;
				CLANG_WARN_BLOCK_CAPTURE_AUTORELEASING = YES;
				CLANG_WARN_BOOL_CONVERSION = YES;
				CLANG_WARN_COMMA = YES;
				CLANG_WARN_CONSTANT_CONVERSION = YES;
				CLANG_WARN_DIRECT_OBJC_ISA_USAGE = YES_ERROR;
				CLANG_WARN_DOCUMENTATION_COMMENTS = YES;
				CLANG_WARN_EMPTY_BODY = YES;
				CLANG_WARN_ENUM_CONVERSION = YES;
				CLANG_WARN_INFINITE_RECURSION = YES;
				CLANG_WARN_INT_CONVERSION = YES;
				CLANG_WARN_NON_LITERAL_NULL_CONVERSION = YES;
				CLANG_WARN_OBJC_LITERAL_CONVERSION = YES;
				CLANG_WARN_OBJC_ROOT_CLASS = YES_ERROR;
				CLANG_WARN_RANGE_LOOP_ANALYSIS = YES;
				CLANG_WARN_STRICT_PROTOTYPES = YES;
				CLANG_WARN_SUSPICIOUS_MOVE = YES;
				CLANG_WARN_UNGUARDED_AVAILABILITY = YES_AGGRESSIVE;
				CLANG_WARN_UNREACHABLE_CODE = YES;
				CLANG_WARN__DUPLICATE_METHOD_MATCH = YES;
				CODE_SIGN_IDENTITY = "iPhone Developer";
				COPY_PHASE_STRIP = NO;
				DEBUG_INFORMATION_FORMAT = dwarf;
				ENABLE_STRICT_OBJC_MSGSEND = YES;
				ENABLE_TESTABILITY = YES;
				GCC_C_LANGUAGE_STANDARD = gnu11;
				GCC_DYNAMIC_NO_PIC = NO;
				GCC_NO_COMMON_BLOCKS = YES;
				GCC_OPTIMIZATION_LEVEL = 0;
				GCC_PREPROCESSOR_DEFINITIONS = (
					"DEBUG=1",
					"$(inherited)",
				);
				GCC_WARN_64_TO_32_BIT_CONVERSION = YES;
				GCC_WARN_ABOUT_RETURN_TYPE = YES_ERROR;
				GCC_WARN_UNDECLARED_SELECTOR = YES;
				GCC_WARN_UNINITIALIZED_AUTOS = YES_AGGRESSIVE;
				GCC_WARN_UNUSED_FUNCTION = YES;
				GCC_WARN_UNUSED_VARIABLE = YES;
				IPHONEOS_DEPLOYMENT_TARGET = 11.2;
				MTL_ENABLE_DEBUG_INFO = YES;
				ONLY_ACTIVE_ARCH = YES;
				SDKROOT = iphoneos;
				SWIFT_ACTIVE_COMPILATION_CONDITIONS = DEBUG;
				SWIFT_OPTIMIZATION_LEVEL = "-Onone";
			};
			name = Debug;
		};
		4FA4EB48207E5DF300FC2432 /* Release */ = {
			isa = XCBuildConfiguration;
			buildSettings = {
				ALWAYS_SEARCH_USER_PATHS = NO;
				CLANG_ANALYZER_NONNULL = YES;
				CLANG_ANALYZER_NUMBER_OBJECT_CONVERSION = YES_AGGRESSIVE;
				CLANG_CXX_LANGUAGE_STANDARD = "gnu++14";
				CLANG_CXX_LIBRARY = "libc++";
				CLANG_ENABLE_MODULES = YES;
				CLANG_ENABLE_OBJC_ARC = YES;
				CLANG_WARN_BLOCK_CAPTURE_AUTORELEASING = YES;
				CLANG_WARN_BOOL_CONVERSION = YES;
				CLANG_WARN_COMMA = YES;
				CLANG_WARN_CONSTANT_CONVERSION = YES;
				CLANG_WARN_DIRECT_OBJC_ISA_USAGE = YES_ERROR;
				CLANG_WARN_DOCUMENTATION_COMMENTS = YES;
				CLANG_WARN_EMPTY_BODY = YES;
				CLANG_WARN_ENUM_CONVERSION = YES;
				CLANG_WARN_INFINITE_RECURSION = YES;
				CLANG_WARN_INT_CONVERSION = YES;
				CLANG_WARN_NON_LITERAL_NULL_CONVERSION = YES;
				CLANG_WARN_OBJC_LITERAL_CONVERSION = YES;
				CLANG_WARN_OBJC_ROOT_CLASS = YES_ERROR;
				CLANG_WARN_RANGE_LOOP_ANALYSIS = YES;
				CLANG_WARN_STRICT_PROTOTYPES = YES;
				CLANG_WARN_SUSPICIOUS_MOVE = YES;
				CLANG_WARN_UNGUARDED_AVAILABILITY = YES_AGGRESSIVE;
				CLANG_WARN_UNREACHABLE_CODE = YES;
				CLANG_WARN__DUPLICATE_METHOD_MATCH = YES;
				CODE_SIGN_IDENTITY = "iPhone Developer";
				COPY_PHASE_STRIP = NO;
				DEBUG_INFORMATION_FORMAT = "dwarf-with-dsym";
				ENABLE_NS_ASSERTIONS = NO;
				ENABLE_STRICT_OBJC_MSGSEND = YES;
				GCC_C_LANGUAGE_STANDARD = gnu11;
				GCC_NO_COMMON_BLOCKS = YES;
				GCC_WARN_64_TO_32_BIT_CONVERSION = YES;
				GCC_WARN_ABOUT_RETURN_TYPE = YES_ERROR;
				GCC_WARN_UNDECLARED_SELECTOR = YES;
				GCC_WARN_UNINITIALIZED_AUTOS = YES_AGGRESSIVE;
				GCC_WARN_UNUSED_FUNCTION = YES;
				GCC_WARN_UNUSED_VARIABLE = YES;
				IPHONEOS_DEPLOYMENT_TARGET = 11.2;
				MTL_ENABLE_DEBUG_INFO = NO;
				SDKROOT = iphoneos;
				SWIFT_OPTIMIZATION_LEVEL = "-Owholemodule";
				VALIDATE_PRODUCT = YES;
			};
			name = Release;
		};
		4FA4EB4A207E5DF300FC2432 /* Debug */ = {
			isa = XCBuildConfiguration;
			buildSettings = {
				ASSETCATALOG_COMPILER_APPICON_NAME = AppIcon;
				CODE_SIGN_STYLE = Automatic;
				INFOPLIST_FILE = "The Night Porter/Info.plist";
				LD_RUNPATH_SEARCH_PATHS = "$(inherited) @executable_path/Frameworks";
				PRODUCT_BUNDLE_IDENTIFIER = "com.pringgle.The-Night-Porter";
				PRODUCT_NAME = "$(TARGET_NAME)";
				SWIFT_VERSION = 4.0;
				TARGETED_DEVICE_FAMILY = "1,2";
			};
			name = Debug;
		};
		4FA4EB4B207E5DF300FC2432 /* Release */ = {
			isa = XCBuildConfiguration;
			buildSettings = {
				ASSETCATALOG_COMPILER_APPICON_NAME = AppIcon;
				CODE_SIGN_STYLE = Automatic;
				INFOPLIST_FILE = "The Night Porter/Info.plist";
				LD_RUNPATH_SEARCH_PATHS = "$(inherited) @executable_path/Frameworks";
				PRODUCT_BUNDLE_IDENTIFIER = "com.pringgle.The-Night-Porter";
				PRODUCT_NAME = "$(TARGET_NAME)";
				SWIFT_VERSION = 4.0;
				TARGETED_DEVICE_FAMILY = "1,2";
			};
			name = Release;
		};
/* End XCBuildConfiguration section */

/* Begin XCConfigurationList section */
		4FA4EB32207E5DF300FC2432 /* Build configuration list for PBXProject "The Night Porter" */ = {
			isa = XCConfigurationList;
			buildConfigurations = (
				4FA4EB47207E5DF300FC2432 /* Debug */,
				4FA4EB48207E5DF300FC2432 /* Release */,
			);
			defaultConfigurationIsVisible = 0;
			defaultConfigurationName = Release;
		};
		4FA4EB49207E5DF300FC2432 /* Build configuration list for PBXNativeTarget "The Night Porter" */ = {
			isa = XCConfigurationList;
			buildConfigurations = (
				4FA4EB4A207E5DF300FC2432 /* Debug */,
				4FA4EB4B207E5DF300FC2432 /* Release */,
			);
			defaultConfigurationIsVisible = 0;
			defaultConfigurationName = Release;
		};
/* End XCConfigurationList section */
	};
	rootObject = 4FA4EB2F207E5DF300FC2432 /* Project object */;
}
